
Microsoft Visual Studio Solution File, Format Version 11.00
# Visual Web Developer Express 2010
Project("{FAE04EC0-301F-11D3-BF4B-00C04F79EFBC}") = "ShipEase_Online_Truck_Booking_System", "ShipEase_Online_Truck_Booking_System\ShipEase_Online_Truck_Booking_System.csproj", "{2FA57BD6-09D9-421B-958F-708849EF30B9}"
EndProject
Global
	GlobalSection(SolutionConfigurationPlatforms) = preSolution
		Debug|Any CPU = Debug|Any CPU
		Release|Any CPU = Release|Any CPU
	EndGlobalSection
	GlobalSection(ProjectConfigurationPlatforms) = postSolution
		{2FA57BD6-09D9-421B-958F-708849EF30B9}.Debug|Any CPU.ActiveCfg = Debug|Any CPU
		{2FA57BD6-09D9-421B-958F-708849EF30B9}.Debug|Any CPU.Build.0 = Debug|Any CPU
		{2FA57BD6-09D9-421B-958F-708849EF30B9}.Release|Any CPU.ActiveCfg = Release|Any CPU
		{2FA57BD6-09D9-421B-958F-708849EF30B9}.Release|Any CPU.Build.0 = Release|Any CPU
	EndGlobalSection
	GlobalSection(SolutionProperties) = preSolution
		HideSolutionNode = FALSE
	EndGlobalSection
EndGlobal
